
Microsoft Visual Studio Solution File, Format Version 12.00
# Visual Studio Version 16
VisualStudioVersion = 16.0.31911.196
MinimumVisualStudioVersion = 10.0.40219.1
Project("{9A19103F-16F7-4668-BE54-9A1E7A4F7556}") = "WebAPICarros", "WebAPICarros.csproj", "{9DD5CE1E-DB48-4FF7-873D-892D2AA0307B}"
EndProject
Project("{9A19103F-16F7-4668-BE54-9A1E7A4F7556}") = "WebAPICarros.Domain", "WebAPICarros.Domain\WebAPICarros.Domain.csproj", "{08EB5228-52DB-405A-AE11-30DAB3CB5C4C}"
EndProject
Project("{FAE04EC0-301F-11D3-BF4B-00C04F79EFBC}") = "WebAPICarros.Core", "WebAPICarros.Core\WebAPICarros.Core.csproj", "{BB1A1F03-5597-46C4-AFFE-C30141809A09}"
EndProject
Global
	GlobalSection(SolutionConfigurationPlatforms) = preSolution
		Debug|Any CPU = Debug|Any CPU
		Release|Any CPU = Release|Any CPU
	EndGlobalSection
	GlobalSection(ProjectConfigurationPlatforms) = postSolution
		{9DD5CE1E-DB48-4FF7-873D-892D2AA0307B}.Debug|Any CPU.ActiveCfg = Debug|Any CPU
		{9DD5CE1E-DB48-4FF7-873D-892D2AA0307B}.Debug|Any CPU.Build.0 = Debug|Any CPU
		{9DD5CE1E-DB48-4FF7-873D-892D2AA0307B}.Release|Any CPU.ActiveCfg = Release|Any CPU
		{9DD5CE1E-DB48-4FF7-873D-892D2AA0307B}.Release|Any CPU.Build.0 = Release|Any CPU
		{08EB5228-52DB-405A-AE11-30DAB3CB5C4C}.Debug|Any CPU.ActiveCfg = Debug|Any CPU
		{08EB5228-52DB-405A-AE11-30DAB3CB5C4C}.Debug|Any CPU.Build.0 = Debug|Any CPU
		{08EB5228-52DB-405A-AE11-30DAB3CB5C4C}.Release|Any CPU.ActiveCfg = Release|Any CPU
		{08EB5228-52DB-405A-AE11-30DAB3CB5C4C}.Release|Any CPU.Build.0 = Release|Any CPU
		{BB1A1F03-5597-46C4-AFFE-C30141809A09}.Debug|Any CPU.ActiveCfg = Debug|Any CPU
		{BB1A1F03-5597-46C4-AFFE-C30141809A09}.Debug|Any CPU.Build.0 = Debug|Any CPU
		{BB1A1F03-5597-46C4-AFFE-C30141809A09}.Release|Any CPU.ActiveCfg = Release|Any CPU
		{BB1A1F03-5597-46C4-AFFE-C30141809A09}.Release|Any CPU.Build.0 = Release|Any CPU
	EndGlobalSection
	GlobalSection(SolutionProperties) = preSolution
		HideSolutionNode = FALSE
	EndGlobalSection
	GlobalSection(ExtensibilityGlobals) = postSolution
		SolutionGuid = {C0B9516E-2F5A-42D9-AD18-FA201A3E80DB}
	EndGlobalSection
EndGlobal
